// !$*UTF8*$!
{
	archiveVersion = 1;
	classes = {
	};
	objectVersion = 46;
	objects = {

/* Begin PBXBuildFile section */
		F3779F1D1CF0D94A00F308C9 /* BSCity+CoreDataProperties.swift in Sources */ = {isa = PBXBuildFile; fileRef = F3779F171CF0D94A00F308C9 /* BSCity+CoreDataProperties.swift */; };
		F3779F1E1CF0D94A00F308C9 /* BSCity.swift in Sources */ = {isa = PBXBuildFile; fileRef = F3779F181CF0D94A00F308C9 /* BSCity.swift */; };
		F3779F1F1CF0D94A00F308C9 /* BSContract+CoreDataProperties.swift in Sources */ = {isa = PBXBuildFile; fileRef = F3779F191CF0D94A00F308C9 /* BSContract+CoreDataProperties.swift */; };
		F3779F201CF0D94A00F308C9 /* BSContract.swift in Sources */ = {isa = PBXBuildFile; fileRef = F3779F1A1CF0D94A00F308C9 /* BSContract.swift */; };
		F3779F211CF0D94A00F308C9 /* BSStation+CoreDataProperties.swift in Sources */ = {isa = PBXBuildFile; fileRef = F3779F1B1CF0D94A00F308C9 /* BSStation+CoreDataProperties.swift */; };
		F3779F221CF0D94A00F308C9 /* BSStation.swift in Sources */ = {isa = PBXBuildFile; fileRef = F3779F1C1CF0D94A00F308C9 /* BSStation.swift */; };
		F39FD9731CCD29CE00920531 /* AppDelegate.swift in Sources */ = {isa = PBXBuildFile; fileRef = F39FD9721CCD29CE00920531 /* AppDelegate.swift */; };
		F39FD9781CCD29CE00920531 /* Main.storyboard in Resources */ = {isa = PBXBuildFile; fileRef = F39FD9761CCD29CE00920531 /* Main.storyboard */; };
		F39FD97A1CCD29CE00920531 /* Assets.xcassets in Resources */ = {isa = PBXBuildFile; fileRef = F39FD9791CCD29CE00920531 /* Assets.xcassets */; };
		F39FD97D1CCD29CE00920531 /* LaunchScreen.storyboard in Resources */ = {isa = PBXBuildFile; fileRef = F39FD97B1CCD29CE00920531 /* LaunchScreen.storyboard */; };
		F39FD9891CCD329A00920531 /* BSNetworkManager.swift in Sources */ = {isa = PBXBuildFile; fileRef = F39FD9881CCD329A00920531 /* BSNetworkManager.swift */; };
		F3AF7FE11CF061570091529D /* BSModel.xcdatamodeld in Sources */ = {isa = PBXBuildFile; fileRef = F3AF7FDF1CF061570091529D /* BSModel.xcdatamodeld */; };
		F3B06B7B1CE7351A00F3D471 /* BSMapViewController.swift in Sources */ = {isa = PBXBuildFile; fileRef = F3B06B7A1CE7351A00F3D471 /* BSMapViewController.swift */; };
		F3B06B7D1CE7383300F3D471 /* CoreLocation.framework in Frameworks */ = {isa = PBXBuildFile; fileRef = F3B06B7C1CE7383300F3D471 /* CoreLocation.framework */; };
		F3B06B7F1CE7383C00F3D471 /* CoreData.framework in Frameworks */ = {isa = PBXBuildFile; fileRef = F3B06B7E1CE7383C00F3D471 /* CoreData.framework */; };
		F3B06B811CE7393C00F3D471 /* MapKit.framework in Frameworks */ = {isa = PBXBuildFile; fileRef = F3B06B801CE7393C00F3D471 /* MapKit.framework */; };
/* End PBXBuildFile section */

/* Begin PBXFileReference section */
		F3779F171CF0D94A00F308C9 /* BSCity+CoreDataProperties.swift */ = {isa = PBXFileReference; fileEncoding = 4; lastKnownFileType = sourcecode.swift; path = "BSCity+CoreDataProperties.swift"; sourceTree = "<group>"; };
		F3779F181CF0D94A00F308C9 /* BSCity.swift */ = {isa = PBXFileReference; fileEncoding = 4; lastKnownFileType = sourcecode.swift; path = BSCity.swift; sourceTree = "<group>"; };
		F3779F191CF0D94A00F308C9 /* BSContract+CoreDataProperties.swift */ = {isa = PBXFileReference; fileEncoding = 4; lastKnownFileType = sourcecode.swift; path = "BSContract+CoreDataProperties.swift"; sourceTree = "<group>"; };
		F3779F1A1CF0D94A00F308C9 /* BSContract.swift */ = {isa = PBXFileReference; fileEncoding = 4; lastKnownFileType = sourcecode.swift; path = BSContract.swift; sourceTree = "<group>"; };
		F3779F1B1CF0D94A00F308C9 /* BSStation+CoreDataProperties.swift */ = {isa = PBXFileReference; fileEncoding = 4; lastKnownFileType = sourcecode.swift; path = "BSStation+CoreDataProperties.swift"; sourceTree = "<group>"; };
		F3779F1C1CF0D94A00F308C9 /* BSStation.swift */ = {isa = PBXFileReference; fileEncoding = 4; lastKnownFileType = sourcecode.swift; path = BSStation.swift; sourceTree = "<group>"; };
		F39FD96F1CCD29CE00920531 /* BikeSeville.app */ = {isa = PBXFileReference; explicitFileType = wrapper.application; includeInIndex = 0; path = BikeSeville.app; sourceTree = BUILT_PRODUCTS_DIR; };
		F39FD9721CCD29CE00920531 /* AppDelegate.swift */ = {isa = PBXFileReference; lastKnownFileType = sourcecode.swift; path = AppDelegate.swift; sourceTree = "<group>"; };
		F39FD9771CCD29CE00920531 /* Base */ = {isa = PBXFileReference; lastKnownFileType = file.storyboard; name = Base; path = Base.lproj/Main.storyboard; sourceTree = "<group>"; };
		F39FD9791CCD29CE00920531 /* Assets.xcassets */ = {isa = PBXFileReference; lastKnownFileType = folder.assetcatalog; path = Assets.xcassets; sourceTree = "<group>"; };
		F39FD97C1CCD29CE00920531 /* Base */ = {isa = PBXFileReference; lastKnownFileType = file.storyboard; name = Base; path = Base.lproj/LaunchScreen.storyboard; sourceTree = "<group>"; };
		F39FD97E1CCD29CE00920531 /* Info.plist */ = {isa = PBXFileReference; lastKnownFileType = text.plist.xml; path = Info.plist; sourceTree = "<group>"; };
		F39FD9881CCD329A00920531 /* BSNetworkManager.swift */ = {isa = PBXFileReference; fileEncoding = 4; lastKnownFileType = sourcecode.swift; path = BSNetworkManager.swift; sourceTree = "<group>"; };
		F3AF7FE01CF061570091529D /* BSModel.xcdatamodel */ = {isa = PBXFileReference; lastKnownFileType = wrapper.xcdatamodel; path = BSModel.xcdatamodel; sourceTree = "<group>"; };
		F3B06B7A1CE7351A00F3D471 /* BSMapViewController.swift */ = {isa = PBXFileReference; fileEncoding = 4; lastKnownFileType = sourcecode.swift; path = BSMapViewController.swift; sourceTree = "<group>"; };
		F3B06B7C1CE7383300F3D471 /* CoreLocation.framework */ = {isa = PBXFileReference; lastKnownFileType = wrapper.framework; name = CoreLocation.framework; path = System/Library/Frameworks/CoreLocation.framework; sourceTree = SDKROOT; };
		F3B06B7E1CE7383C00F3D471 /* CoreData.framework */ = {isa = PBXFileReference; lastKnownFileType = wrapper.framework; name = CoreData.framework; path = System/Library/Frameworks/CoreData.framework; sourceTree = SDKROOT; };
		F3B06B801CE7393C00F3D471 /* MapKit.framework */ = {isa = PBXFileReference; lastKnownFileType = wrapper.framework; name = MapKit.framework; path = System/Library/Frameworks/MapKit.framework; sourceTree = SDKROOT; };
/* End PBXFileReference section */

/* Begin PBXFrameworksBuildPhase section */
		F39FD96C1CCD29CE00920531 /* Frameworks */ = {
			isa = PBXFrameworksBuildPhase;
			buildActionMask = 2147483647;
			files = (
				F3B06B811CE7393C00F3D471 /* MapKit.framework in Frameworks */,
				F3B06B7F1CE7383C00F3D471 /* CoreData.framework in Frameworks */,
				F3B06B7D1CE7383300F3D471 /* CoreLocation.framework in Frameworks */,
			);
			runOnlyForDeploymentPostprocessing = 0;
		};
/* End PBXFrameworksBuildPhase section */

/* Begin PBXGroup section */
		F3779F161CF0D92C00F308C9 /* Model */ = {
			isa = PBXGroup;
			children = (
				F3779F171CF0D94A00F308C9 /* BSCity+CoreDataProperties.swift */,
				F3779F181CF0D94A00F308C9 /* BSCity.swift */,
				F3779F191CF0D94A00F308C9 /* BSContract+CoreDataProperties.swift */,
				F3779F1A1CF0D94A00F308C9 /* BSContract.swift */,
				F3779F1B1CF0D94A00F308C9 /* BSStation+CoreDataProperties.swift */,
				F3779F1C1CF0D94A00F308C9 /* BSStation.swift */,
			);
			name = Model;
			sourceTree = "<group>";
		};
		F3779F231CF0E42A00F308C9 /* Operations */ = {
			isa = PBXGroup;
			children = (
			);
			name = Operations;
			sourceTree = "<group>";
		};
		F39FD9661CCD29CE00920531 = {
			isa = PBXGroup;
			children = (
				F3B06B801CE7393C00F3D471 /* MapKit.framework */,
				F3B06B7E1CE7383C00F3D471 /* CoreData.framework */,
				F3B06B7C1CE7383300F3D471 /* CoreLocation.framework */,
				F39FD9711CCD29CE00920531 /* BikeSeville */,
				F39FD9701CCD29CE00920531 /* Products */,
			);
			sourceTree = "<group>";
		};
		F39FD9701CCD29CE00920531 /* Products */ = {
			isa = PBXGroup;
			children = (
				F39FD96F1CCD29CE00920531 /* BikeSeville.app */,
			);
			name = Products;
			sourceTree = "<group>";
		};
		F39FD9711CCD29CE00920531 /* BikeSeville */ = {
			isa = PBXGroup;
			children = (
				F3779F231CF0E42A00F308C9 /* Operations */,
				F3779F161CF0D92C00F308C9 /* Model */,
				F39FD9791CCD29CE00920531 /* Assets.xcassets */,
				F39FD97B1CCD29CE00920531 /* LaunchScreen.storyboard */,
				F39FD9761CCD29CE00920531 /* Main.storyboard */,
				F39FD97E1CCD29CE00920531 /* Info.plist */,
				F39FD9721CCD29CE00920531 /* AppDelegate.swift */,
				F3B06B7A1CE7351A00F3D471 /* BSMapViewController.swift */,
				F39FD9881CCD329A00920531 /* BSNetworkManager.swift */,
				F3AF7FDF1CF061570091529D /* BSModel.xcdatamodeld */,
			);
			path = BikeSeville;
			sourceTree = "<group>";
		};
/* End PBXGroup section */

/* Begin PBXNativeTarget section */
		F39FD96E1CCD29CE00920531 /* BikeSeville */ = {
			isa = PBXNativeTarget;
			buildConfigurationList = F39FD9811CCD29CE00920531 /* Build configuration list for PBXNativeTarget "BikeSeville" */;
			buildPhases = (
				F39FD96B1CCD29CE00920531 /* Sources */,
				F39FD96C1CCD29CE00920531 /* Frameworks */,
				F39FD96D1CCD29CE00920531 /* Resources */,
			);
			buildRules = (
			);
			dependencies = (
			);
			name = BikeSeville;
			productName = BikeSeville;
			productReference = F39FD96F1CCD29CE00920531 /* BikeSeville.app */;
			productType = "com.apple.product-type.application";
		};
/* End PBXNativeTarget section */

/* Begin PBXProject section */
		F39FD9671CCD29CE00920531 /* Project object */ = {
			isa = PBXProject;
			attributes = {
				LastSwiftUpdateCheck = 0730;
				LastUpgradeCheck = 0730;
				ORGANIZATIONNAME = "Dacio Leal Rodriguez";
				TargetAttributes = {
					F39FD96E1CCD29CE00920531 = {
						CreatedOnToolsVersion = 7.3;
						DevelopmentTeam = 3CAF8YGZEM;
					};
				};
			};
			buildConfigurationList = F39FD96A1CCD29CE00920531 /* Build configuration list for PBXProject "BikeSeville" */;
			compatibilityVersion = "Xcode 3.2";
			developmentRegion = English;
			hasScannedForEncodings = 0;
			knownRegions = (
				en,
				Base,
			);
			mainGroup = F39FD9661CCD29CE00920531;
			productRefGroup = F39FD9701CCD29CE00920531 /* Products */;
			projectDirPath = "";
			projectRoot = "";
			targets = (
				F39FD96E1CCD29CE00920531 /* BikeSeville */,
			);
		};
/* End PBXProject section */

/* Begin PBXResourcesBuildPhase section */
		F39FD96D1CCD29CE00920531 /* Resources */ = {
			isa = PBXResourcesBuildPhase;
			buildActionMask = 2147483647;
			files = (
				F39FD97D1CCD29CE00920531 /* LaunchScreen.storyboard in Resources */,
				F39FD97A1CCD29CE00920531 /* Assets.xcassets in Resources */,
				F39FD9781CCD29CE00920531 /* Main.storyboard in Resources */,
			);
			runOnlyForDeploymentPostprocessing = 0;
		};
/* End PBXResourcesBuildPhase section */

/* Begin PBXSourcesBuildPhase section */
		F39FD96B1CCD29CE00920531 /* Sources */ = {
			isa = PBXSourcesBuildPhase;
			buildActionMask = 2147483647;
			files = (
				F3B06B7B1CE7351A00F3D471 /* BSMapViewController.swift in Sources */,
				F39FD9731CCD29CE00920531 /* AppDelegate.swift in Sources */,
				F3779F211CF0D94A00F308C9 /* BSStation+CoreDataProperties.swift in Sources */,
				F3779F221CF0D94A00F308C9 /* BSStation.swift in Sources */,
				F3AF7FE11CF061570091529D /* BSModel.xcdatamodeld in Sources */,
				F3779F1E1CF0D94A00F308C9 /* BSCity.swift in Sources */,
				F3779F1F1CF0D94A00F308C9 /* BSContract+CoreDataProperties.swift in Sources */,
				F39FD9891CCD329A00920531 /* BSNetworkManager.swift in Sources */,
				F3779F201CF0D94A00F308C9 /* BSContract.swift in Sources */,
				F3779F1D1CF0D94A00F308C9 /* BSCity+CoreDataProperties.swift in Sources */,
			);
			runOnlyForDeploymentPostprocessing = 0;
		};
/* End PBXSourcesBuildPhase section */

/* Begin PBXVariantGroup section */
		F39FD9761CCD29CE00920531 /* Main.storyboard */ = {
			isa = PBXVariantGroup;
			children = (
				F39FD9771CCD29CE00920531 /* Base */,
			);
			name = Main.storyboard;
			sourceTree = "<group>";
		};
		F39FD97B1CCD29CE00920531 /* LaunchScreen.storyboard */ = {
			isa = PBXVariantGroup;
			children = (
				F39FD97C1CCD29CE00920531 /* Base */,
			);
			name = LaunchScreen.storyboard;
			sourceTree = "<group>";
		};
/* End PBXVariantGroup section */

/* Begin XCBuildConfiguration section */
		F39FD97F1CCD29CE00920531 /* Debug */ = {
			isa = XCBuildConfiguration;
			buildSettings = {
				ALWAYS_SEARCH_USER_PATHS = NO;
				CLANG_ANALYZER_NONNULL = YES;
				CLANG_CXX_LANGUAGE_STANDARD = "gnu++0x";
				CLANG_CXX_LIBRARY = "libc++";
				CLANG_ENABLE_MODULES = YES;
				CLANG_ENABLE_OBJC_ARC = YES;
				CLANG_WARN_BOOL_CONVERSION = YES;
				CLANG_WARN_CONSTANT_CONVERSION = YES;
				CLANG_WARN_DIRECT_OBJC_ISA_USAGE = YES_ERROR;
				CLANG_WARN_EMPTY_BODY = YES;
				CLANG_WARN_ENUM_CONVERSION = YES;
				CLANG_WARN_INT_CONVERSION = YES;
				CLANG_WARN_OBJC_ROOT_CLASS = YES_ERROR;
				CLANG_WARN_UNREACHABLE_CODE = YES;
				CLANG_WARN__DUPLICATE_METHOD_MATCH = YES;
				"CODE_SIGN_IDENTITY[sdk=iphoneos*]" = "iPhone Developer";
				COPY_PHASE_STRIP = NO;
				DEBUG_INFORMATION_FORMAT = dwarf;
				ENABLE_STRICT_OBJC_MSGSEND = YES;
				ENABLE_TESTABILITY = YES;
				GCC_C_LANGUAGE_STANDARD = gnu99;
				GCC_DYNAMIC_NO_PIC = NO;
				GCC_NO_COMMON_BLOCKS = YES;
				GCC_OPTIMIZATION_LEVEL = 0;
				GCC_PREPROCESSOR_DEFINITIONS = (
					"DEBUG=1",
					"$(inherited)",
				);
				GCC_WARN_64_TO_32_BIT_CONVERSION = YES;
				GCC_WARN_ABOUT_RETURN_TYPE = YES_ERROR;
				GCC_WARN_UNDECLARED_SELECTOR = YES;
				GCC_WARN_UNINITIALIZED_AUTOS = YES_AGGRESSIVE;
				GCC_WARN_UNUSED_FUNCTION = YES;
				GCC_WARN_UNUSED_VARIABLE = YES;
				IPHONEOS_DEPLOYMENT_TARGET = 9.3;
				MTL_ENABLE_DEBUG_INFO = YES;
				ONLY_ACTIVE_ARCH = YES;
				SDKROOT = iphoneos;
				SWIFT_OPTIMIZATION_LEVEL = "-Onone";
			};
			name = Debug;
		};
		F39FD9801CCD29CE00920531 /* Release */ = {
			isa = XCBuildConfiguration;
			buildSettings = {
				ALWAYS_SEARCH_USER_PATHS = NO;
				CLANG_ANALYZER_NONNULL = YES;
				CLANG_CXX_LANGUAGE_STANDARD = "gnu++0x";
				CLANG_CXX_LIBRARY = "libc++";
				CLANG_ENABLE_MODULES = YES;
				CLANG_ENABLE_OBJC_ARC = YES;
				CLANG_WARN_BOOL_CONVERSION = YES;
				CLANG_WARN_CONSTANT_CONVERSION = YES;
				CLANG_WARN_DIRECT_OBJC_ISA_USAGE = YES_ERROR;
				CLANG_WARN_EMPTY_BODY = YES;
				CLANG_WARN_ENUM_CONVERSION = YES;
				CLANG_WARN_INT_CONVERSION = YES;
				CLANG_WARN_OBJC_ROOT_CLASS = YES_ERROR;
				CLANG_WARN_UNREACHABLE_CODE = YES;
				CLANG_WARN__DUPLICATE_METHOD_MATCH = YES;
				"CODE_SIGN_IDENTITY[sdk=iphoneos*]" = "iPhone Developer";
				COPY_PHASE_STRIP = NO;
				DEBUG_INFORMATION_FORMAT = "dwarf-with-dsym";
				ENABLE_NS_ASSERTIONS = NO;
				ENABLE_STRICT_OBJC_MSGSEND = YES;
				GCC_C_LANGUAGE_STANDARD = gnu99;
				GCC_NO_COMMON_BLOCKS = YES;
				GCC_WARN_64_TO_32_BIT_CONVERSION = YES;
				GCC_WARN_ABOUT_RETURN_TYPE = YES_ERROR;
				GCC_WARN_UNDECLARED_SELECTOR = YES;
				GCC_WARN_UNINITIALIZED_AUTOS = YES_AGGRESSIVE;
				GCC_WARN_UNUSED_FUNCTION = YES;
				GCC_WARN_UNUSED_VARIABLE = YES;
				IPHONEOS_DEPLOYMENT_TARGET = 9.3;
				MTL_ENABLE_DEBUG_INFO = NO;
				SDKROOT = iphoneos;
				VALIDATE_PRODUCT = YES;
			};
			name = Release;
		};
		F39FD9821CCD29CE00920531 /* Debug */ = {
			isa = XCBuildConfiguration;
			buildSettings = {
				ASSETCATALOG_COMPILER_APPICON_NAME = AppIcon;
				CODE_SIGN_IDENTITY = "iPhone Developer";
				INFOPLIST_FILE = BikeSeville/Info.plist;
				IPHONEOS_DEPLOYMENT_TARGET = 9.3;
				LD_RUNPATH_SEARCH_PATHS = "$(inherited) @executable_path/Frameworks";
				PRODUCT_BUNDLE_IDENTIFIER = com.dacioleal.BikeSeville;
				PRODUCT_NAME = "$(TARGET_NAME)";
			};
			name = Debug;
		};
		F39FD9831CCD29CE00920531 /* Release */ = {
			isa = XCBuildConfiguration;
			buildSettings = {
				ASSETCATALOG_COMPILER_APPICON_NAME = AppIcon;
				CODE_SIGN_IDENTITY = "iPhone Developer";
				INFOPLIST_FILE = BikeSeville/Info.plist;
				IPHONEOS_DEPLOYMENT_TARGET = 9.3;
				LD_RUNPATH_SEARCH_PATHS = "$(inherited) @executable_path/Frameworks";
				PRODUCT_BUNDLE_IDENTIFIER = com.dacioleal.BikeSeville;
				PRODUCT_NAME = "$(TARGET_NAME)";
			};
			name = Release;
		};
/* End XCBuildConfiguration section */

/* Begin XCConfigurationList section */
		F39FD96A1CCD29CE00920531 /* Build configuration list for PBXProject "BikeSeville" */ = {
			isa = XCConfigurationList;
			buildConfigurations = (
				F39FD97F1CCD29CE00920531 /* Debug */,
				F39FD9801CCD29CE00920531 /* Release */,
			);
			defaultConfigurationIsVisible = 0;
			defaultConfigurationName = Release;
		};
		F39FD9811CCD29CE00920531 /* Build configuration list for PBXNativeTarget "BikeSeville" */ = {
			isa = XCConfigurationList;
			buildConfigurations = (
				F39FD9821CCD29CE00920531 /* Debug */,
				F39FD9831CCD29CE00920531 /* Release */,
			);
			defaultConfigurationIsVisible = 0;
			defaultConfigurationName = Release;
		};
/* End XCConfigurationList section */

/* Begin XCVersionGroup section */
		F3AF7FDF1CF061570091529D /* BSModel.xcdatamodeld */ = {
			isa = XCVersionGroup;
			children = (
				F3AF7FE01CF061570091529D /* BSModel.xcdatamodel */,
			);
			currentVersion = F3AF7FE01CF061570091529D /* BSModel.xcdatamodel */;
			path = BSModel.xcdatamodeld;
			sourceTree = "<group>";
			versionGroupType = wrapper.xcdatamodel;
		};
/* End XCVersionGroup section */
	};
	rootObject = F39FD9671CCD29CE00920531 /* Project object */;
}
